
Microsoft Visual Studio Solution File, Format Version 12.00
# Visual Studio Version 17
VisualStudioVersion = 17.9.34616.47
MinimumVisualStudioVersion = 10.0.40219.1
Project("{FAE04EC0-301F-11D3-BF4B-00C04F79EFBC}") = "Calculator(ICE Task 4)", "Calculator(ICE Task 4).csproj", "{698FD1CF-89AD-4FC6-8163-ACA58E41B4FB}"
EndProject
Global
	GlobalSection(SolutionConfigurationPlatforms) = preSolution
		Debug|Any CPU = Debug|Any CPU
		Release|Any CPU = Release|Any CPU
	EndGlobalSection
	GlobalSection(ProjectConfigurationPlatforms) = postSolution
		{698FD1CF-89AD-4FC6-8163-ACA58E41B4FB}.Debug|Any CPU.ActiveCfg = Debug|Any CPU
		{698FD1CF-89AD-4FC6-8163-ACA58E41B4FB}.Debug|Any CPU.Build.0 = Debug|Any CPU
		{698FD1CF-89AD-4FC6-8163-ACA58E41B4FB}.Release|Any CPU.ActiveCfg = Release|Any CPU
		{698FD1CF-89AD-4FC6-8163-ACA58E41B4FB}.Release|Any CPU.Build.0 = Release|Any CPU
	EndGlobalSection
	GlobalSection(SolutionProperties) = preSolution
		HideSolutionNode = FALSE
	EndGlobalSection
	GlobalSection(ExtensibilityGlobals) = postSolution
		SolutionGuid = {FA436450-5BCB-4803-82CA-6B034EEBD3D4}
	EndGlobalSection
EndGlobal
